<?xml version="1.0" encoding="utf-8"?>
<Project ToolsVersion="4.0" xmlns="http://schemas.microsoft.com/developer/msbuild/2003">
  <ItemGroup>
    <Filter Include="Source Files">
      <UniqueIdentifier>{4FC737F1-C7A5-4376-A066-2A32D752A2FF}</UniqueIdentifier>
      <Extensions>cpp;c;cc;cxx;c++;cppm;ixx;def;odl;idl;hpj;bat;asm;asmx</Extensions>
    </Filter>
    <Filter Include="Resource Files">
      <UniqueIdentifier>{67DA6AB6-F800-4c08-8B7A-83BB121AAD01}</UniqueIdentifier>
      <Extensions>rc;ico;cur;bmp;dlg;rc2;rct;bin;rgs;gif;jpg;jpeg;jpe;resx;tiff;tif;png;wav;mfcribbon-ms</Extensions>
    </Filter>
    <Filter Include="Encoder Header Files">
      <UniqueIdentifier>{a673f5df-1884-4ec9-bd85-f0a85eb846e0}</UniqueIdentifier>
    </Filter>
    <Filter Include="Decoder Header Files">
      <UniqueIdentifier>{93995380-89BD-4b04-88EB-625FBE52EBFB}</UniqueIdentifier>
      <Extensions>h;hh;hpp;hxx;h++;hm;inl;inc;ipp;xsd</Extensions>
    </Filter>
  </ItemGroup>
  <ItemGroup>
    <ClCompile Include="src\jbig2enc.lossless.cc">
      <Filter>Source Files</Filter>
    </ClCompile>
    <ClCompile Include="..\jbig2dec\jbig2.c">
      <Filter>Source Files</Filter>
    </ClCompile>
    <ClCompile Include="..\jbig2dec\jbig2_arith_iaid.c">
      <Filter>Source Files</Filter>
    </ClCompile>
    <ClCompile Include="..\jbig2dec\jbig2_arith_int.c">
      <Filter>Source Files</Filter>
    </ClCompile>
    <ClCompile Include="..\jbig2dec\jbig2_generic.c">
      <Filter>Source Files</Filter>
    </ClCompile>
    <ClCompile Include="..\jbig2dec\jbig2_halftone.c">
      <Filter>Source Files</Filter>
    </ClCompile>
    <ClCompile Include="..\jbig2dec\jbig2_huffman.c">
      <Filter>Source Files</Filter>
    </ClCompile>
    <ClCompile Include="..\jbig2dec\jbig2_hufftab.c">
      <Filter>Source Files</Filter>
    </ClCompile>
    <ClCompile Include="..\jbig2dec\jbig2_image.c">
      <Filter>Source Files</Filter>
    </ClCompile>
    <ClCompile Include="..\jbig2dec\jbig2_mmr.c">
      <Filter>Source Files</Filter>
    </ClCompile>
    <ClCompile Include="..\jbig2dec\jbig2_page.c">
      <Filter>Source Files</Filter>
    </ClCompile>
    <ClCompile Include="..\jbig2dec\jbig2_refinement.c">
      <Filter>Source Files</Filter>
    </ClCompile>
    <ClCompile Include="..\jbig2dec\jbig2_segment.c">
      <Filter>Source Files</Filter>
    </ClCompile>
    <ClCompile Include="..\jbig2dec\jbig2_symbol_dict.c">
      <Filter>Source Files</Filter>
    </ClCompile>
    <ClCompile Include="..\jbig2dec\jbig2_text.c">
      <Filter>Source Files</Filter>
    </ClCompile>
    <ClCompile Include="..\jbig2dec\jbig2dec.c">
      <Filter>Source Files</Filter>
    </ClCompile>
    <ClCompile Include="..\jbig2dec\sha1.c">
      <Filter>Source Files</Filter>
    </ClCompile>
    <ClCompile Include="src\jbig2arith.cc">
      <Filter>Source Files</Filter>
    </ClCompile>
    <ClCompile Include="..\jbig2dec\getopt1.c">
      <Filter>Source Files</Filter>
    </ClCompile>
    <ClCompile Include="..\jbig2dec\getopt.c">
      <Filter>Source Files</Filter>
    </ClCompile>
    <ClCompile Include="..\jbig2dec\jbig2_image_pbm.c">
      <Filter>Source Files</Filter>
    </ClCompile>
    <ClCompile Include="..\jbig2dec\jbig2_arith.c">
      <Filter>Source Files</Filter>
    </ClCompile>
  </ItemGroup>
  <ItemGroup>
    <ClInclude Include="include\pix.h">
      <Filter>Encoder Header Files</Filter>
    </ClInclude>
    <ClInclude Include="include\jbig2arith.h">
      <Filter>Encoder Header Files</Filter>
    </ClInclude>
    <ClInclude Include="include\jbig2enc.lossless.h">
      <Filter>Encoder Header Files</Filter>
    </ClInclude>
    <ClInclude Include="include\jbig2segments.h">
      <Filter>Encoder Header Files</Filter>
    </ClInclude>
    <ClInclude Include="include\jbig2structs.h">
      <Filter>Encoder Header Files</Filter>
    </ClInclude>
    <ClInclude Include="..\jbig2dec\sha1.h">
      <Filter>Decoder Header Files</Filter>
    </ClInclude>
    <ClInclude Include="..\jbig2dec\os_types.h">
      <Filter>Decoder Header Files</Filter>
    </ClInclude>
    <ClInclude Include="..\jbig2dec\memento.h">
      <Filter>Decoder Header Files</Filter>
    </ClInclude>
    <ClInclude Include="..\jbig2dec\jbig2_symbol_dict.h">
      <Filter>Decoder Header Files</Filter>
    </ClInclude>
    <ClInclude Include="..\jbig2dec\jbig2_text.h">
      <Filter>Decoder Header Files</Filter>
    </ClInclude>
    <ClInclude Include="..\jbig2dec\jbig2_segment.h">
      <Filter>Decoder Header Files</Filter>
    </ClInclude>
    <ClInclude Include="..\jbig2dec\jbig2_page.h">
      <Filter>Decoder Header Files</Filter>
    </ClInclude>
    <ClInclude Include="..\jbig2dec\jbig2_priv.h">
      <Filter>Decoder Header Files</Filter>
    </ClInclude>
    <ClInclude Include="..\jbig2dec\jbig2_refinement.h">
      <Filter>Decoder Header Files</Filter>
    </ClInclude>
    <ClInclude Include="..\jbig2dec\jbig2_mmr.h">
      <Filter>Decoder Header Files</Filter>
    </ClInclude>
    <ClInclude Include="..\jbig2dec\jbig2_image.h">
      <Filter>Decoder Header Files</Filter>
    </ClInclude>
    <ClInclude Include="..\jbig2dec\jbig2_hufftab.h">
      <Filter>Decoder Header Files</Filter>
    </ClInclude>
    <ClInclude Include="..\jbig2dec\jbig2_halftone.h">
      <Filter>Decoder Header Files</Filter>
    </ClInclude>
    <ClInclude Include="..\jbig2dec\jbig2_huffman.h">
      <Filter>Decoder Header Files</Filter>
    </ClInclude>
    <ClInclude Include="..\jbig2dec\jbig2_generic.h">
      <Filter>Decoder Header Files</Filter>
    </ClInclude>
    <ClInclude Include="..\jbig2dec\jbig2_arith_iaid.h">
      <Filter>Decoder Header Files</Filter>
    </ClInclude>
    <ClInclude Include="..\jbig2dec\jbig2_arith_int.h">
      <Filter>Decoder Header Files</Filter>
    </ClInclude>
    <ClInclude Include="..\jbig2dec\jbig2_arith.h">
      <Filter>Decoder Header Files</Filter>
    </ClInclude>
    <ClInclude Include="..\jbig2dec\getopt.h">
      <Filter>Decoder Header Files</Filter>
    </ClInclude>
    <ClInclude Include="..\jbig2dec\jbig2.h">
      <Filter>Decoder Header Files</Filter>
    </ClInclude>
    <ClInclude Include="..\jbig2dec\config_win32.h">
      <Filter>Decoder Header Files</Filter>
    </ClInclude>
    <ClInclude Include="include\unistd.h">
      <Filter>Decoder Header Files</Filter>
    </ClInclude>
  </ItemGroup>
</Project>